
Microsoft Visual Studio Solution File, Format Version 12.00
# Visual Studio Version 17
VisualStudioVersion = 17.1.32228.430
MinimumVisualStudioVersion = 10.0.40219.1
Project("{9A19103F-16F7-4668-BE54-9A1E7A4F7556}") = "GenericsTest", "GenericsTest\GenericsTest.csproj", "{E6EBE6BF-BABF-4D2E-8C43-B0F6EC172AA9}"
EndProject
Project("{9A19103F-16F7-4668-BE54-9A1E7A4F7556}") = "MaximumTest", "MaximunTest\MaximumTest.csproj", "{30799829-049C-43EC-B988-887C6824835F}"
EndProject
Project("{9A19103F-16F7-4668-BE54-9A1E7A4F7556}") = "StackTest", "StackTest\StackTest.csproj", "{72673A7E-AF69-49D9-81F1-56B37E69BB29}"
EndProject
Project("{9A19103F-16F7-4668-BE54-9A1E7A4F7556}") = "Team", "EjercicioDePrueba\Team.csproj", "{19A7716A-C2E3-4205-93B9-E4F614BF2364}"
EndProject
Project("{9A19103F-16F7-4668-BE54-9A1E7A4F7556}") = "PruebaHashSet", "PruebaHashSet\PruebaHashSet.csproj", "{C97DE9F4-D1C3-4C4A-97C1-16C831674155}"
EndProject
Project("{9A19103F-16F7-4668-BE54-9A1E7A4F7556}") = "PruebaDictionary", "PruebaDictionary\PruebaDictionary.csproj", "{08BC0BE3-8F29-42AC-B29D-03DFAF28C8D5}"
EndProject
Project("{9A19103F-16F7-4668-BE54-9A1E7A4F7556}") = "PruebaSortedList", "PruebaSortedList\PruebaSortedList.csproj", "{DA615066-486F-40FD-9E9E-B53CCC01AF96}"
EndProject
Project("{9A19103F-16F7-4668-BE54-9A1E7A4F7556}") = "Dictionary", "Dictionary\Dictionary.csproj", "{D3070C37-F60E-4E04-90B0-BB80A035948C}"
EndProject
Project("{9A19103F-16F7-4668-BE54-9A1E7A4F7556}") = "Actividad17-10", "Actividad17-10\Actividad17-10.csproj", "{040A94A5-61F0-4A9F-8098-250B12333288}"
EndProject
Project("{9A19103F-16F7-4668-BE54-9A1E7A4F7556}") = "PruebaLambda", "PruebaLambda\PruebaLambda.csproj", "{5DC598AA-5A2E-4182-B134-060687F34D4C}"
EndProject
Project("{9A19103F-16F7-4668-BE54-9A1E7A4F7556}") = "PruebaLINQ", "PruebaLinQ\PruebaLINQ.csproj", "{0FF716A3-9ACC-46A7-B407-C8E317B92C6A}"
EndProject
Project("{9A19103F-16F7-4668-BE54-9A1E7A4F7556}") = "EmpresaLINQ", "EmpresaLINQ\EmpresaLINQ.csproj", "{74B5ED02-6352-40B5-9599-F7D43439FC5F}"
EndProject
Project("{FAE04EC0-301F-11D3-BF4B-00C04F79EFBC}") = "pjEmpresaLINQ", "pjEmpresaLINQ\pjEmpresaLINQ.csproj", "{E5D9436E-C318-451F-959B-06F49C100F90}"
EndProject
Global
	GlobalSection(SolutionConfigurationPlatforms) = preSolution
		Debug|Any CPU = Debug|Any CPU
		Release|Any CPU = Release|Any CPU
	EndGlobalSection
	GlobalSection(ProjectConfigurationPlatforms) = postSolution
		{E6EBE6BF-BABF-4D2E-8C43-B0F6EC172AA9}.Debug|Any CPU.ActiveCfg = Debug|Any CPU
		{E6EBE6BF-BABF-4D2E-8C43-B0F6EC172AA9}.Debug|Any CPU.Build.0 = Debug|Any CPU
		{E6EBE6BF-BABF-4D2E-8C43-B0F6EC172AA9}.Release|Any CPU.ActiveCfg = Release|Any CPU
		{E6EBE6BF-BABF-4D2E-8C43-B0F6EC172AA9}.Release|Any CPU.Build.0 = Release|Any CPU
		{30799829-049C-43EC-B988-887C6824835F}.Debug|Any CPU.ActiveCfg = Debug|Any CPU
		{30799829-049C-43EC-B988-887C6824835F}.Debug|Any CPU.Build.0 = Debug|Any CPU
		{30799829-049C-43EC-B988-887C6824835F}.Release|Any CPU.ActiveCfg = Release|Any CPU
		{30799829-049C-43EC-B988-887C6824835F}.Release|Any CPU.Build.0 = Release|Any CPU
		{72673A7E-AF69-49D9-81F1-56B37E69BB29}.Debug|Any CPU.ActiveCfg = Debug|Any CPU
		{72673A7E-AF69-49D9-81F1-56B37E69BB29}.Debug|Any CPU.Build.0 = Debug|Any CPU
		{72673A7E-AF69-49D9-81F1-56B37E69BB29}.Release|Any CPU.ActiveCfg = Release|Any CPU
		{72673A7E-AF69-49D9-81F1-56B37E69BB29}.Release|Any CPU.Build.0 = Release|Any CPU
		{19A7716A-C2E3-4205-93B9-E4F614BF2364}.Debug|Any CPU.ActiveCfg = Debug|Any CPU
		{19A7716A-C2E3-4205-93B9-E4F614BF2364}.Debug|Any CPU.Build.0 = Debug|Any CPU
		{19A7716A-C2E3-4205-93B9-E4F614BF2364}.Release|Any CPU.ActiveCfg = Release|Any CPU
		{19A7716A-C2E3-4205-93B9-E4F614BF2364}.Release|Any CPU.Build.0 = Release|Any CPU
		{C97DE9F4-D1C3-4C4A-97C1-16C831674155}.Debug|Any CPU.ActiveCfg = Debug|Any CPU
		{C97DE9F4-D1C3-4C4A-97C1-16C831674155}.Debug|Any CPU.Build.0 = Debug|Any CPU
		{C97DE9F4-D1C3-4C4A-97C1-16C831674155}.Release|Any CPU.ActiveCfg = Release|Any CPU
		{C97DE9F4-D1C3-4C4A-97C1-16C831674155}.Release|Any CPU.Build.0 = Release|Any CPU
		{08BC0BE3-8F29-42AC-B29D-03DFAF28C8D5}.Debug|Any CPU.ActiveCfg = Debug|Any CPU
		{08BC0BE3-8F29-42AC-B29D-03DFAF28C8D5}.Debug|Any CPU.Build.0 = Debug|Any CPU
		{08BC0BE3-8F29-42AC-B29D-03DFAF28C8D5}.Release|Any CPU.ActiveCfg = Release|Any CPU
		{08BC0BE3-8F29-42AC-B29D-03DFAF28C8D5}.Release|Any CPU.Build.0 = Release|Any CPU
		{DA615066-486F-40FD-9E9E-B53CCC01AF96}.Debug|Any CPU.ActiveCfg = Debug|Any CPU
		{DA615066-486F-40FD-9E9E-B53CCC01AF96}.Debug|Any CPU.Build.0 = Debug|Any CPU
		{DA615066-486F-40FD-9E9E-B53CCC01AF96}.Release|Any CPU.ActiveCfg = Release|Any CPU
		{DA615066-486F-40FD-9E9E-B53CCC01AF96}.Release|Any CPU.Build.0 = Release|Any CPU
		{D3070C37-F60E-4E04-90B0-BB80A035948C}.Debug|Any CPU.ActiveCfg = Debug|Any CPU
		{D3070C37-F60E-4E04-90B0-BB80A035948C}.Debug|Any CPU.Build.0 = Debug|Any CPU
		{D3070C37-F60E-4E04-90B0-BB80A035948C}.Release|Any CPU.ActiveCfg = Release|Any CPU
		{D3070C37-F60E-4E04-90B0-BB80A035948C}.Release|Any CPU.Build.0 = Release|Any CPU
		{040A94A5-61F0-4A9F-8098-250B12333288}.Debug|Any CPU.ActiveCfg = Debug|Any CPU
		{040A94A5-61F0-4A9F-8098-250B12333288}.Debug|Any CPU.Build.0 = Debug|Any CPU
		{040A94A5-61F0-4A9F-8098-250B12333288}.Release|Any CPU.ActiveCfg = Release|Any CPU
		{040A94A5-61F0-4A9F-8098-250B12333288}.Release|Any CPU.Build.0 = Release|Any CPU
		{5DC598AA-5A2E-4182-B134-060687F34D4C}.Debug|Any CPU.ActiveCfg = Debug|Any CPU
		{5DC598AA-5A2E-4182-B134-060687F34D4C}.Debug|Any CPU.Build.0 = Debug|Any CPU
		{5DC598AA-5A2E-4182-B134-060687F34D4C}.Release|Any CPU.ActiveCfg = Release|Any CPU
		{5DC598AA-5A2E-4182-B134-060687F34D4C}.Release|Any CPU.Build.0 = Release|Any CPU
		{0FF716A3-9ACC-46A7-B407-C8E317B92C6A}.Debug|Any CPU.ActiveCfg = Debug|Any CPU
		{0FF716A3-9ACC-46A7-B407-C8E317B92C6A}.Debug|Any CPU.Build.0 = Debug|Any CPU
		{0FF716A3-9ACC-46A7-B407-C8E317B92C6A}.Release|Any CPU.ActiveCfg = Release|Any CPU
		{0FF716A3-9ACC-46A7-B407-C8E317B92C6A}.Release|Any CPU.Build.0 = Release|Any CPU
		{74B5ED02-6352-40B5-9599-F7D43439FC5F}.Debug|Any CPU.ActiveCfg = Debug|Any CPU
		{74B5ED02-6352-40B5-9599-F7D43439FC5F}.Debug|Any CPU.Build.0 = Debug|Any CPU
		{74B5ED02-6352-40B5-9599-F7D43439FC5F}.Release|Any CPU.ActiveCfg = Release|Any CPU
		{74B5ED02-6352-40B5-9599-F7D43439FC5F}.Release|Any CPU.Build.0 = Release|Any CPU
		{E5D9436E-C318-451F-959B-06F49C100F90}.Debug|Any CPU.ActiveCfg = Debug|Any CPU
		{E5D9436E-C318-451F-959B-06F49C100F90}.Debug|Any CPU.Build.0 = Debug|Any CPU
		{E5D9436E-C318-451F-959B-06F49C100F90}.Release|Any CPU.ActiveCfg = Release|Any CPU
		{E5D9436E-C318-451F-959B-06F49C100F90}.Release|Any CPU.Build.0 = Release|Any CPU
	EndGlobalSection
	GlobalSection(SolutionProperties) = preSolution
		HideSolutionNode = FALSE
	EndGlobalSection
	GlobalSection(ExtensibilityGlobals) = postSolution
		SolutionGuid = {22ECBC1C-4C40-4E3A-9B91-510382ED073D}
	EndGlobalSection
EndGlobal
